
Microsoft Visual Studio Solution File, Format Version 12.00
# Visual Studio Version 16
VisualStudioVersion = 16.0.29709.97
MinimumVisualStudioVersion = 10.0.40219.1
Project("{FAE04EC0-301F-11D3-BF4B-00C04F79EFBC}") = "GuessADay", "GuessADay\GuessADay.csproj", "{27DC6757-A52D-4F31-8585-7459951C1555}"
EndProject
Global
	GlobalSection(SolutionConfigurationPlatforms) = preSolution
		Debug|Any CPU = Debug|Any CPU
		Release|Any CPU = Release|Any CPU
	EndGlobalSection
	GlobalSection(ProjectConfigurationPlatforms) = postSolution
		{27DC6757-A52D-4F31-8585-7459951C1555}.Debug|Any CPU.ActiveCfg = Debug|Any CPU
		{27DC6757-A52D-4F31-8585-7459951C1555}.Debug|Any CPU.Build.0 = Debug|Any CPU
		{27DC6757-A52D-4F31-8585-7459951C1555}.Release|Any CPU.ActiveCfg = Release|Any CPU
		{27DC6757-A52D-4F31-8585-7459951C1555}.Release|Any CPU.Build.0 = Release|Any CPU
	EndGlobalSection
	GlobalSection(SolutionProperties) = preSolution
		HideSolutionNode = FALSE
	EndGlobalSection
	GlobalSection(ExtensibilityGlobals) = postSolution
		SolutionGuid = {C423481F-8B0B-4B90-8181-AF622C402422}
	EndGlobalSection
EndGlobal
